
Microsoft Visual Studio Solution File, Format Version 12.00
# Visual Studio Version 17
VisualStudioVersion = 17.11.35303.130
MinimumVisualStudioVersion = 10.0.40219.1
Project("{FAE04EC0-301F-11D3-BF4B-00C04F79EFBC}") = "Pertemuan05", "Pertemuan05\Pertemuan05.csproj", "{E1A6FD3A-76EE-4B30-B144-F395911DD058}"
EndProject
Global
	GlobalSection(SolutionConfigurationPlatforms) = preSolution
		Debug|Any CPU = Debug|Any CPU
		Release|Any CPU = Release|Any CPU
	EndGlobalSection
	GlobalSection(ProjectConfigurationPlatforms) = postSolution
		{E1A6FD3A-76EE-4B30-B144-F395911DD058}.Debug|Any CPU.ActiveCfg = Debug|Any CPU
		{E1A6FD3A-76EE-4B30-B144-F395911DD058}.Debug|Any CPU.Build.0 = Debug|Any CPU
		{E1A6FD3A-76EE-4B30-B144-F395911DD058}.Release|Any CPU.ActiveCfg = Release|Any CPU
		{E1A6FD3A-76EE-4B30-B144-F395911DD058}.Release|Any CPU.Build.0 = Release|Any CPU
	EndGlobalSection
	GlobalSection(SolutionProperties) = preSolution
		HideSolutionNode = FALSE
	EndGlobalSection
	GlobalSection(ExtensibilityGlobals) = postSolution
		SolutionGuid = {8E70B165-012A-45EA-A431-2532C30E2E0D}
	EndGlobalSection
EndGlobal
