
Microsoft Visual Studio Solution File, Format Version 12.00
# Visual Studio Version 17
VisualStudioVersion = 17.11.35222.181
MinimumVisualStudioVersion = 10.0.40219.1
Project("{FAE04EC0-301F-11D3-BF4B-00C04F79EFBC}") = "Pertemuan04", "Pertemuan04\Pertemuan04.csproj", "{434A5750-52FA-4313-992D-F004B86BFDE3}"
EndProject
Global
	GlobalSection(SolutionConfigurationPlatforms) = preSolution
		Debug|Any CPU = Debug|Any CPU
		Release|Any CPU = Release|Any CPU
	EndGlobalSection
	GlobalSection(ProjectConfigurationPlatforms) = postSolution
		{434A5750-52FA-4313-992D-F004B86BFDE3}.Debug|Any CPU.ActiveCfg = Debug|Any CPU
		{434A5750-52FA-4313-992D-F004B86BFDE3}.Debug|Any CPU.Build.0 = Debug|Any CPU
		{434A5750-52FA-4313-992D-F004B86BFDE3}.Release|Any CPU.ActiveCfg = Release|Any CPU
		{434A5750-52FA-4313-992D-F004B86BFDE3}.Release|Any CPU.Build.0 = Release|Any CPU
	EndGlobalSection
	GlobalSection(SolutionProperties) = preSolution
		HideSolutionNode = FALSE
	EndGlobalSection
	GlobalSection(ExtensibilityGlobals) = postSolution
		SolutionGuid = {84BC7860-51B6-445A-AA81-589B30E7A000}
	EndGlobalSection
EndGlobal
