
Microsoft Visual Studio Solution File, Format Version 12.00
# Visual Studio Version 17
VisualStudioVersion = 17.11.35303.130
MinimumVisualStudioVersion = 10.0.40219.1
Project("{FAE04EC0-301F-11D3-BF4B-00C04F79EFBC}") = "Winforms.Basic.Controls", "Winforms.Basic.Controls\Winforms.Basic.Controls.csproj", "{5041CE9F-512B-4845-9455-99AA6DDCCD34}"
EndProject
Global
	GlobalSection(SolutionConfigurationPlatforms) = preSolution
		Debug|Any CPU = Debug|Any CPU
		Release|Any CPU = Release|Any CPU
	EndGlobalSection
	GlobalSection(ProjectConfigurationPlatforms) = postSolution
		{5041CE9F-512B-4845-9455-99AA6DDCCD34}.Debug|Any CPU.ActiveCfg = Debug|Any CPU
		{5041CE9F-512B-4845-9455-99AA6DDCCD34}.Debug|Any CPU.Build.0 = Debug|Any CPU
		{5041CE9F-512B-4845-9455-99AA6DDCCD34}.Release|Any CPU.ActiveCfg = Release|Any CPU
		{5041CE9F-512B-4845-9455-99AA6DDCCD34}.Release|Any CPU.Build.0 = Release|Any CPU
	EndGlobalSection
	GlobalSection(SolutionProperties) = preSolution
		HideSolutionNode = FALSE
	EndGlobalSection
	GlobalSection(ExtensibilityGlobals) = postSolution
		SolutionGuid = {6FB2F1C7-7AEA-4E5C-8ADA-0DE329CF1988}
	EndGlobalSection
EndGlobal
